{
  "requires": true,
  "lockfileVersion": 1,
  "dependencies": {
    "@craftjs/core": {
      "version": "0.2.11",
      "resolved": "https://registry.npmjs.org/@craftjs/core/-/core-0.2.11.tgz",
      "integrity": "sha512-WbaQgOWqFnfcSo9HwS7VJ71ITYVxW51Jb0QH7zJRqh1rjdwNZfyTm5+7rhB6Xm4hdZcp+QMoLhdWodNcEgwc1Q==",
      "requires": {
        "@craftjs/utils": "^0.2.4",
        "debounce": "^1.2.0",
        "lodash": "^4.17.21",
        "tiny-invariant": "^1.0.6"
      }
    },
    "@craftjs/utils": {
      "version": "0.2.4",
      "resolved": "https://registry.npmjs.org/@craftjs/utils/-/utils-0.2.4.tgz",
      "integrity": "sha512-TJ0mm7rTacQK/875E5+SzvL90RXMFFQYDLuriawDe7i85Ha9K2vy3ap1sUEqrPCotL1KuaOx+d3CjLFFR6PTmg==",
      "requires": {
        "immer": "^9.0.6",
        "lodash": "^4.17.21",
        "nanoid": "^3.1.23",
        "shallowequal": "^1.1.0",
        "tiny-invariant": "^1.0.6"
      }
    },
    "debounce": {
      "version": "1.2.1",
      "resolved": "https://registry.npmjs.org/debounce/-/debounce-1.2.1.tgz",
      "integrity": "sha512-XRRe6Glud4rd/ZGQfiV1ruXSfbvfJedlV9Y6zOlP+2K04vBYiJEte6stfFkCP03aMnY5tsipamumUjL14fofug=="
    },
    "immer": {
      "version": "9.0.21",
      "resolved": "https://registry.npmjs.org/immer/-/immer-9.0.21.tgz",
      "integrity": "sha512-bc4NBHqOqSfRW7POMkHd51LvClaeMXpm8dx0e8oE2GORbq5aRK7Bxl4FyzVLdGtLmvLKL7BTDBG5ACQm4HWjTA=="
    },
    "lodash": {
      "version": "4.17.21",
      "resolved": "https://registry.npmjs.org/lodash/-/lodash-4.17.21.tgz",
      "integrity": "sha512-v2kDEe57lecTulaDIuNTPy3Ry4gLGJ6Z1O3vE1krgXZNrsQ+LFTGHVxVjcXPs17LhbZVGedAJv8XZ1tvj5FvSg=="
    },
    "nanoid": {
      "version": "3.3.7",
      "resolved": "https://registry.npmjs.org/nanoid/-/nanoid-3.3.7.tgz",
      "integrity": "sha512-eSRppjcPIatRIMC1U6UngP8XFcz8MQWGQdt1MTBQ7NaAmvXDfvNxbvWV3x2y6CdEUciCSsDHDQZbhYaB8QEo2g=="
    },
    "shallowequal": {
      "version": "1.1.0",
      "resolved": "https://registry.npmjs.org/shallowequal/-/shallowequal-1.1.0.tgz",
      "integrity": "sha512-y0m1JoUZSlPAjXVtPPW70aZWfIL/dSP7AFkRnniLCrK/8MDKog3TySTBmckD+RObVxH0v4Tox67+F14PdED2oQ=="
    },
    "tiny-invariant": {
      "version": "1.3.3",
      "resolved": "https://registry.npmjs.org/tiny-invariant/-/tiny-invariant-1.3.3.tgz",
      "integrity": "sha512-+FbBPE1o9QAYvviau/qC5SE3caw21q3xkvWKBtja5vgqOWIHHJ3ioaq1VPfn/Szqctz2bU/oYeKd9/z5BL+PVg=="
    }
  }
}
